[root]
name = "coreutils"
version = "0.1.0"
dependencies = [
 "arg_parser 0.1.0 (git+https://github.com/redox-os/arg-parser.git)",
 "base64 0.6.0 (registry+https://github.com/rust-lang/crates.io-index)",
 "extra 0.1.0 (git+https://github.com/redox-os/libextra.git)",
 "filetime 0.1.10 (git+https://github.com/alexcrichton/filetime.git)",
 "redox_syscall 0.1.27 (registry+https://github.com/rust-lang/crates.io-index)",
 "termion 1.4.0 (git+https://github.com/redox-os/termion.git)",
 "time 0.1.38 (registry+https://github.com/rust-lang/crates.io-index)",
 "userutils 0.1.0 (git+https://github.com/redox-os/userutils.git)",
 "walkdir 1.0.7 (registry+https://github.com/rust-lang/crates.io-index)",
]

[[package]]
name = "arg_parser"
version = "0.1.0"
source = "git+https://github.com/redox-os/arg-parser.git#ed88287e60b2e1de2e67a2f8b32ffda242127277"

[[package]]
name = "argon2rs"
version = "0.2.5"
source = "registry+https://github.com/rust-lang/crates.io-index"
dependencies = [
 "blake2-rfc 0.2.17 (registry+https://github.com/rust-lang/crates.io-index)",
 "scoped_threadpool 0.1.7 (registry+https://github.com/rust-lang/crates.io-index)",
]

[[package]]
name = "base64"
version = "0.6.0"
source = "registry+https://github.com/rust-lang/crates.io-index"
dependencies = [
 "byteorder 1.1.0 (registry+https://github.com/rust-lang/crates.io-index)",
 "safemem 0.2.0 (registry+https://github.com/rust-lang/crates.io-index)",
]

[[package]]
name = "blake2-rfc"
version = "0.2.17"
source = "registry+https://github.com/rust-lang/crates.io-index"
dependencies = [
 "constant_time_eq 0.1.2 (registry+https://github.com/rust-lang/crates.io-index)",
]

[[package]]
name = "byteorder"
version = "1.1.0"
source = "registry+https://github.com/rust-lang/crates.io-index"

[[package]]
name = "constant_time_eq"
version = "0.1.2"
source = "registry+https://github.com/rust-lang/crates.io-index"

[[package]]
name = "extra"
version = "0.1.0"
source = "git+https://github.com/redox-os/libextra.git#402932084acd5fef4812945887ceaaa2ddd5f264"

[[package]]
name = "filetime"
version = "0.1.10"
source = "git+https://github.com/alexcrichton/filetime.git#143c1cf99682d736b863639ea071472afe03e15e"
dependencies = [
 "libc 0.2.28 (registry+https://github.com/rust-lang/crates.io-index)",
 "redox_syscall 0.1.27 (registry+https://github.com/rust-lang/crates.io-index)",
 "winapi 0.2.8 (registry+https://github.com/rust-lang/crates.io-index)",
]

[[package]]
name = "kernel32-sys"
version = "0.2.2"
source = "registry+https://github.com/rust-lang/crates.io-index"
dependencies = [
 "winapi 0.2.8 (registry+https://github.com/rust-lang/crates.io-index)",
 "winapi-build 0.1.1 (registry+https://github.com/rust-lang/crates.io-index)",
]

[[package]]
name = "libc"
version = "0.2.28"
source = "registry+https://github.com/rust-lang/crates.io-index"

[[package]]
name = "liner"
version = "0.1.5"
source = "registry+https://github.com/rust-lang/crates.io-index"
dependencies = [
 "termion 1.5.0 (registry+https://github.com/rust-lang/crates.io-index)",
 "unicode-width 0.1.4 (registry+https://github.com/rust-lang/crates.io-index)",
]

[[package]]
name = "rand"
version = "0.3.15"
source = "registry+https://github.com/rust-lang/crates.io-index"
dependencies = [
 "libc 0.2.28 (registry+https://github.com/rust-lang/crates.io-index)",
]

[[package]]
name = "redox_syscall"
version = "0.1.27"
source = "registry+https://github.com/rust-lang/crates.io-index"

[[package]]
name = "redox_termios"
version = "0.1.0"
source = "registry+https://github.com/rust-lang/crates.io-index"
dependencies = [
 "redox_syscall 0.1.27 (registry+https://github.com/rust-lang/crates.io-index)",
]

[[package]]
name = "safemem"
version = "0.2.0"
source = "registry+https://github.com/rust-lang/crates.io-index"

[[package]]
name = "same-file"
version = "0.1.3"
source = "registry+https://github.com/rust-lang/crates.io-index"
dependencies = [
 "kernel32-sys 0.2.2 (registry+https://github.com/rust-lang/crates.io-index)",
 "winapi 0.2.8 (registry+https://github.com/rust-lang/crates.io-index)",
]

[[package]]
name = "scoped_threadpool"
version = "0.1.7"
source = "registry+https://github.com/rust-lang/crates.io-index"

[[package]]
name = "termion"
version = "1.4.0"
source = "git+https://github.com/redox-os/termion.git#63d2464aba93ac8ec0118255e9a41debcb809c1f"
dependencies = [
 "libc 0.2.28 (registry+https://github.com/rust-lang/crates.io-index)",
 "redox_syscall 0.1.27 (registry+https://github.com/rust-lang/crates.io-index)",
 "redox_termios 0.1.0 (registry+https://github.com/rust-lang/crates.io-index)",
]

[[package]]
name = "termion"
version = "1.5.0"
source = "registry+https://github.com/rust-lang/crates.io-index"
dependencies = [
 "libc 0.2.28 (registry+https://github.com/rust-lang/crates.io-index)",
 "redox_syscall 0.1.27 (registry+https://github.com/rust-lang/crates.io-index)",
 "redox_termios 0.1.0 (registry+https://github.com/rust-lang/crates.io-index)",
]

[[package]]
name = "time"
version = "0.1.38"
source = "registry+https://github.com/rust-lang/crates.io-index"
dependencies = [
 "kernel32-sys 0.2.2 (registry+https://github.com/rust-lang/crates.io-index)",
 "libc 0.2.28 (registry+https://github.com/rust-lang/crates.io-index)",
 "redox_syscall 0.1.27 (registry+https://github.com/rust-lang/crates.io-index)",
 "winapi 0.2.8 (registry+https://github.com/rust-lang/crates.io-index)",
]

[[package]]
name = "unicode-width"
version = "0.1.4"
source = "registry+https://github.com/rust-lang/crates.io-index"

[[package]]
name = "userutils"
version = "0.1.0"
source = "git+https://github.com/redox-os/userutils.git#1725b377cddb42af08209a652bc63008e2b59f1c"
dependencies = [
 "arg_parser 0.1.0 (git+https://github.com/redox-os/arg-parser.git)",
 "argon2rs 0.2.5 (registry+https://github.com/rust-lang/crates.io-index)",
 "extra 0.1.0 (git+https://github.com/redox-os/libextra.git)",
 "liner 0.1.5 (registry+https://github.com/rust-lang/crates.io-index)",
 "rand 0.3.15 (registry+https://github.com/rust-lang/crates.io-index)",
 "redox_syscall 0.1.27 (registry+https://github.com/rust-lang/crates.io-index)",
 "redox_termios 0.1.0 (registry+https://github.com/rust-lang/crates.io-index)",
 "termion 1.5.0 (registry+https://github.com/rust-lang/crates.io-index)",
]

[[package]]
name = "walkdir"
version = "1.0.7"
source = "registry+https://github.com/rust-lang/crates.io-index"
dependencies = [
 "kernel32-sys 0.2.2 (registry+https://github.com/rust-lang/crates.io-index)",
 "same-file 0.1.3 (registry+https://github.com/rust-lang/crates.io-index)",
 "winapi 0.2.8 (registry+https://github.com/rust-lang/crates.io-index)",
]

[[package]]
name = "winapi"
version = "0.2.8"
source = "registry+https://github.com/rust-lang/crates.io-index"

[[package]]
name = "winapi-build"
version = "0.1.1"
source = "registry+https://github.com/rust-lang/crates.io-index"

[metadata]
"checksum arg_parser 0.1.0 (git+https://github.com/redox-os/arg-parser.git)" = "<none>"
"checksum argon2rs 0.2.5 (registry+https://github.com/rust-lang/crates.io-index)" = "3f67b0b6a86dae6e67ff4ca2b6201396074996379fba2b92ff649126f37cb392"
"checksum base64 0.6.0 (registry+https://github.com/rust-lang/crates.io-index)" = "96434f987501f0ed4eb336a411e0631ecd1afa11574fe148587adc4ff96143c9"
"checksum blake2-rfc 0.2.17 (registry+https://github.com/rust-lang/crates.io-index)" = "0c6a476f32fef3402f1161f89d0d39822809627754a126f8441ff2a9d45e2d59"
"checksum byteorder 1.1.0 (registry+https://github.com/rust-lang/crates.io-index)" = "ff81738b726f5d099632ceaffe7fb65b90212e8dce59d518729e7e8634032d3d"
"checksum constant_time_eq 0.1.2 (registry+https://github.com/rust-lang/crates.io-index)" = "07dcb7959f0f6f1cf662f9a7ff389bcb919924d99ac41cf31f10d611d8721323"
"checksum extra 0.1.0 (git+https://github.com/redox-os/libextra.git)" = "<none>"
"checksum filetime 0.1.10 (git+https://github.com/alexcrichton/filetime.git)" = "<none>"
"checksum kernel32-sys 0.2.2 (registry+https://github.com/rust-lang/crates.io-index)" = "7507624b29483431c0ba2d82aece8ca6cdba9382bff4ddd0f7490560c056098d"
"checksum libc 0.2.28 (registry+https://github.com/rust-lang/crates.io-index)" = "bb7b49972ee23d8aa1026c365a5b440ba08e35075f18c459980c7395c221ec48"
"checksum liner 0.1.5 (registry+https://github.com/rust-lang/crates.io-index)" = "f9e406164c25b420480023985bdf65cef366855666ad4cb12cd3eaee82dcb399"
"checksum rand 0.3.15 (registry+https://github.com/rust-lang/crates.io-index)" = "022e0636ec2519ddae48154b028864bdce4eaf7d35226ab8e65c611be97b189d"
"checksum redox_syscall 0.1.27 (registry+https://github.com/rust-lang/crates.io-index)" = "80dcf663dc552529b9bfc7bdb30ea12e5fa5d3545137d850a91ad410053f68e9"
"checksum redox_termios 0.1.0 (registry+https://github.com/rust-lang/crates.io-index)" = "bc495930de8d330f14856cface52561b7d79a072c76e438cf8f34d7233a35fa7"
"checksum safemem 0.2.0 (registry+https://github.com/rust-lang/crates.io-index)" = "e27a8b19b835f7aea908818e871f5cc3a5a186550c30773be987e155e8163d8f"
"checksum same-file 0.1.3 (registry+https://github.com/rust-lang/crates.io-index)" = "d931a44fdaa43b8637009e7632a02adc4f2b2e0733c08caa4cf00e8da4a117a7"
"checksum scoped_threadpool 0.1.7 (registry+https://github.com/rust-lang/crates.io-index)" = "3ef399c8893e8cb7aa9696e895427fab3a6bf265977bb96e126f24ddd2cda85a"
"checksum termion 1.4.0 (git+https://github.com/redox-os/termion.git)" = "<none>"
"checksum termion 1.5.0 (registry+https://github.com/rust-lang/crates.io-index)" = "8affd752d0f2c7127d6d5f1b98182a5471606b48b1a955165d39eb5e4887ceba"
"checksum time 0.1.38 (registry+https://github.com/rust-lang/crates.io-index)" = "d5d788d3aa77bc0ef3e9621256885555368b47bd495c13dd2e7413c89f845520"
"checksum unicode-width 0.1.4 (registry+https://github.com/rust-lang/crates.io-index)" = "bf3a113775714a22dcb774d8ea3655c53a32debae63a063acc00a91cc586245f"
"checksum userutils 0.1.0 (git+https://github.com/redox-os/userutils.git)" = "<none>"
"checksum walkdir 1.0.7 (registry+https://github.com/rust-lang/crates.io-index)" = "bb08f9e670fab86099470b97cd2b252d6527f0b3cc1401acdb595ffc9dd288ff"
"checksum winapi 0.2.8 (registry+https://github.com/rust-lang/crates.io-index)" = "167dc9d6949a9b857f3451275e911c3f44255842c1f7a76f33c55103a909087a"
"checksum winapi-build 0.1.1 (registry+https://github.com/rust-lang/crates.io-index)" = "2d315eee3b34aca4797b2da6b13ed88266e6d612562a0c46390af8299fc699bc"
